
Microsoft Visual Studio Solution File, Format Version 12.00
# Visual Studio Version 16
VisualStudioVersion = 25.0.1706.12
MinimumVisualStudioVersion = 10.0.40219.1
Project("{FAE04EC0-301F-11D3-BF4B-00C04F79EFBC}") = "myWorkes", "myWorkes.csproj", "{91957962-8DE3-4715-B32F-2F69EE23DB99}"
EndProject
Global
	GlobalSection(SolutionConfigurationPlatforms) = preSolution
		Debug|Any CPU = Debug|Any CPU
		Release|Any CPU = Release|Any CPU
	EndGlobalSection
	GlobalSection(ProjectConfigurationPlatforms) = postSolution
		{91957962-8DE3-4715-B32F-2F69EE23DB99}.Debug|Any CPU.ActiveCfg = Debug|Any CPU
		{91957962-8DE3-4715-B32F-2F69EE23DB99}.Debug|Any CPU.Build.0 = Debug|Any CPU
		{91957962-8DE3-4715-B32F-2F69EE23DB99}.Release|Any CPU.ActiveCfg = Release|Any CPU
		{91957962-8DE3-4715-B32F-2F69EE23DB99}.Release|Any CPU.Build.0 = Release|Any CPU
	EndGlobalSection
	GlobalSection(SolutionProperties) = preSolution
		HideSolutionNode = FALSE
	EndGlobalSection
	GlobalSection(ExtensibilityGlobals) = postSolution
		SolutionGuid = {F2A3D35C-DCF6-49F3-8F83-6D042E05CE7D}
	EndGlobalSection
EndGlobal
